// !$*UTF8*$!
{
	archiveVersion = 1;
	classes = {
	};
	objectVersion = 51;
	objects = {

/* Begin PBXBuildFile section */
		65AEFDFF262B3E78005B6330 /* AppDelegate.swift in Sources */ = {isa = PBXBuildFile; fileRef = 65AEFDFE262B3E78005B6330 /* AppDelegate.swift */; };
		65AEFE03262B3E78005B6330 /* ViewController.swift in Sources */ = {isa = PBXBuildFile; fileRef = 65AEFE02262B3E78005B6330 /* ViewController.swift */; };
		65AEFE06262B3E78005B6330 /* Main.storyboard in Resources */ = {isa = PBXBuildFile; fileRef = 65AEFE04262B3E78005B6330 /* Main.storyboard */; };
		65AEFE08262B3E7A005B6330 /* Assets.xcassets in Resources */ = {isa = PBXBuildFile; fileRef = 65AEFE07262B3E7A005B6330 /* Assets.xcassets */; };
		65AEFE0B262B3E7A005B6330 /* LaunchScreen.storyboard in Resources */ = {isa = PBXBuildFile; fileRef = 65AEFE09262B3E7A005B6330 /* LaunchScreen.storyboard */; };
		65AEFE28262B4E09005B6330 /* Vocabulary.h in Headers */ = {isa = PBXBuildFile; fileRef = 65AEFE26262B4E09005B6330 /* Vocabulary.h */; settings = {ATTRIBUTES = (Public, ); }; };
		65AEFE2B262B4E0A005B6330 /* Vocabulary.framework in Frameworks */ = {isa = PBXBuildFile; fileRef = 65AEFE24262B4E09005B6330 /* Vocabulary.framework */; };
		65AEFE2C262B4E0A005B6330 /* Vocabulary.framework in Embed Frameworks */ = {isa = PBXBuildFile; fileRef = 65AEFE24262B4E09005B6330 /* Vocabulary.framework */; settings = {ATTRIBUTES = (CodeSignOnCopy, RemoveHeadersOnCopy, ); }; };
		65AEFE38262CEB42005B6330 /* db.sqlite3 in Resources */ = {isa = PBXBuildFile; fileRef = 65AEFE37262CEB42005B6330 /* db.sqlite3 */; };
		65AEFE3D262DCB0E005B6330 /* WordObject.swift in Sources */ = {isa = PBXBuildFile; fileRef = 65AEFE3B262DB4F8005B6330 /* WordObject.swift */; };
		65AEFE3F262DCB20005B6330 /* Vocabulary.swift in Sources */ = {isa = PBXBuildFile; fileRef = 65AEFE3E262DCB20005B6330 /* Vocabulary.swift */; };
		65AEFE47262F1B04005B6330 /* SpeechManager.swift in Sources */ = {isa = PBXBuildFile; fileRef = 65AEFE46262F1B04005B6330 /* SpeechManager.swift */; };
		65AEFE4B262F1C46005B6330 /* libSpeechManager.a in Frameworks */ = {isa = PBXBuildFile; fileRef = 65AEFE44262F1B04005B6330 /* libSpeechManager.a */; };
		65AEFE4F262F21AD005B6330 /* SpeechWord.swift in Sources */ = {isa = PBXBuildFile; fileRef = 65AEFE4E262F21AD005B6330 /* SpeechWord.swift */; };
		BEA6D7C8299D6C20A1E56743 /* Pods_VocabularyDemo.framework in Frameworks */ = {isa = PBXBuildFile; fileRef = 5C5AA35A1BCAE5290B3A6E6A /* Pods_VocabularyDemo.framework */; };
		C7CC3D753D88E3BB69886542 /* Pods_Vocabulary.framework in Frameworks */ = {isa = PBXBuildFile; fileRef = C0915ED84BF745E83B5E9113 /* Pods_Vocabulary.framework */; };
/* End PBXBuildFile section */

/* Begin PBXContainerItemProxy section */
		65AEFE29262B4E09005B6330 /* PBXContainerItemProxy */ = {
			isa = PBXContainerItemProxy;
			containerPortal = 65AEFDF3262B3E78005B6330 /* Project object */;
			proxyType = 1;
			remoteGlobalIDString = 65AEFE23262B4E09005B6330;
			remoteInfo = Vocabulary;
		};
		65AEFE4C262F1C46005B6330 /* PBXContainerItemProxy */ = {
			isa = PBXContainerItemProxy;
			containerPortal = 65AEFDF3262B3E78005B6330 /* Project object */;
			proxyType = 1;
			remoteGlobalIDString = 65AEFE43262F1B04005B6330;
			remoteInfo = SpeechManager;
		};
/* End PBXContainerItemProxy section */

/* Begin PBXCopyFilesBuildPhase section */
		65AEFE30262B4E0A005B6330 /* Embed Frameworks */ = {
			isa = PBXCopyFilesBuildPhase;
			buildActionMask = 2147483647;
			dstPath = "";
			dstSubfolderSpec = 10;
			files = (
				65AEFE2C262B4E0A005B6330 /* Vocabulary.framework in Embed Frameworks */,
			);
			name = "Embed Frameworks";
			runOnlyForDeploymentPostprocessing = 0;
		};
		65AEFE42262F1B04005B6330 /* CopyFiles */ = {
			isa = PBXCopyFilesBuildPhase;
			buildActionMask = 2147483647;
			dstPath = "include/$(PRODUCT_NAME)";
			dstSubfolderSpec = 16;
			files = (
			);
			runOnlyForDeploymentPostprocessing = 0;
		};
/* End PBXCopyFilesBuildPhase section */

/* Begin PBXFileReference section */
		0137F11846E23771D08DD133 /* Pods-VocabularyDemo.release.xcconfig */ = {isa = PBXFileReference; includeInIndex = 1; lastKnownFileType = text.xcconfig; name = "Pods-VocabularyDemo.release.xcconfig"; path = "Target Support Files/Pods-VocabularyDemo/Pods-VocabularyDemo.release.xcconfig"; sourceTree = "<group>"; };
		23B1BC0594E446FDDA6BBE49 /* Pods-Vocabulary.debug.xcconfig */ = {isa = PBXFileReference; includeInIndex = 1; lastKnownFileType = text.xcconfig; name = "Pods-Vocabulary.debug.xcconfig"; path = "Target Support Files/Pods-Vocabulary/Pods-Vocabulary.debug.xcconfig"; sourceTree = "<group>"; };
		5C5AA35A1BCAE5290B3A6E6A /* Pods_VocabularyDemo.framework */ = {isa = PBXFileReference; explicitFileType = wrapper.framework; includeInIndex = 0; path = Pods_VocabularyDemo.framework; sourceTree = BUILT_PRODUCTS_DIR; };
		65AEFDFB262B3E78005B6330 /* VocabularyDemo.app */ = {isa = PBXFileReference; explicitFileType = wrapper.application; includeInIndex = 0; path = VocabularyDemo.app; sourceTree = BUILT_PRODUCTS_DIR; };
		65AEFDFE262B3E78005B6330 /* AppDelegate.swift */ = {isa = PBXFileReference; lastKnownFileType = sourcecode.swift; path = AppDelegate.swift; sourceTree = "<group>"; };
		65AEFE02262B3E78005B6330 /* ViewController.swift */ = {isa = PBXFileReference; lastKnownFileType = sourcecode.swift; path = ViewController.swift; sourceTree = "<group>"; };
		65AEFE05262B3E78005B6330 /* Base */ = {isa = PBXFileReference; lastKnownFileType = file.storyboard; name = Base; path = Base.lproj/Main.storyboard; sourceTree = "<group>"; };
		65AEFE07262B3E7A005B6330 /* Assets.xcassets */ = {isa = PBXFileReference; lastKnownFileType = folder.assetcatalog; path = Assets.xcassets; sourceTree = "<group>"; };
		65AEFE0A262B3E7A005B6330 /* Base */ = {isa = PBXFileReference; lastKnownFileType = file.storyboard; name = Base; path = Base.lproj/LaunchScreen.storyboard; sourceTree = "<group>"; };
		65AEFE0C262B3E7A005B6330 /* Info.plist */ = {isa = PBXFileReference; lastKnownFileType = text.plist.xml; path = Info.plist; sourceTree = "<group>"; };
		65AEFE24262B4E09005B6330 /* Vocabulary.framework */ = {isa = PBXFileReference; explicitFileType = wrapper.framework; includeInIndex = 0; path = Vocabulary.framework; sourceTree = BUILT_PRODUCTS_DIR; };
		65AEFE26262B4E09005B6330 /* Vocabulary.h */ = {isa = PBXFileReference; lastKnownFileType = sourcecode.c.h; path = Vocabulary.h; sourceTree = "<group>"; };
		65AEFE27262B4E09005B6330 /* Info.plist */ = {isa = PBXFileReference; lastKnownFileType = text.plist.xml; path = Info.plist; sourceTree = "<group>"; };
		65AEFE37262CEB42005B6330 /* db.sqlite3 */ = {isa = PBXFileReference; lastKnownFileType = file; path = db.sqlite3; sourceTree = SOURCE_ROOT; };
		65AEFE3B262DB4F8005B6330 /* WordObject.swift */ = {isa = PBXFileReference; lastKnownFileType = sourcecode.swift; path = WordObject.swift; sourceTree = "<group>"; };
		65AEFE3E262DCB20005B6330 /* Vocabulary.swift */ = {isa = PBXFileReference; lastKnownFileType = sourcecode.swift; path = Vocabulary.swift; sourceTree = "<group>"; };
		65AEFE44262F1B04005B6330 /* libSpeechManager.a */ = {isa = PBXFileReference; explicitFileType = archive.ar; includeInIndex = 0; path = libSpeechManager.a; sourceTree = BUILT_PRODUCTS_DIR; };
		65AEFE46262F1B04005B6330 /* SpeechManager.swift */ = {isa = PBXFileReference; lastKnownFileType = sourcecode.swift; path = SpeechManager.swift; sourceTree = "<group>"; };
		65AEFE4E262F21AD005B6330 /* SpeechWord.swift */ = {isa = PBXFileReference; lastKnownFileType = sourcecode.swift; path = SpeechWord.swift; sourceTree = "<group>"; };
		AABED5C9BA95C3CE7AD8265A /* Pods-VocabularyDemo.debug.xcconfig */ = {isa = PBXFileReference; includeInIndex = 1; lastKnownFileType = text.xcconfig; name = "Pods-VocabularyDemo.debug.xcconfig"; path = "Target Support Files/Pods-VocabularyDemo/Pods-VocabularyDemo.debug.xcconfig"; sourceTree = "<group>"; };
		C0915ED84BF745E83B5E9113 /* Pods_Vocabulary.framework */ = {isa = PBXFileReference; explicitFileType = wrapper.framework; includeInIndex = 0; path = Pods_Vocabulary.framework; sourceTree = BUILT_PRODUCTS_DIR; };
		C2E42AE63E27AD57583BAA7C /* Pods-Vocabulary.release.xcconfig */ = {isa = PBXFileReference; includeInIndex = 1; lastKnownFileType = text.xcconfig; name = "Pods-Vocabulary.release.xcconfig"; path = "Target Support Files/Pods-Vocabulary/Pods-Vocabulary.release.xcconfig"; sourceTree = "<group>"; };
/* End PBXFileReference section */

/* Begin PBXFrameworksBuildPhase section */
		65AEFDF8262B3E78005B6330 /* Frameworks */ = {
			isa = PBXFrameworksBuildPhase;
			buildActionMask = 2147483647;
			files = (
				65AEFE2B262B4E0A005B6330 /* Vocabulary.framework in Frameworks */,
				65AEFE4B262F1C46005B6330 /* libSpeechManager.a in Frameworks */,
				BEA6D7C8299D6C20A1E56743 /* Pods_VocabularyDemo.framework in Frameworks */,
			);
			runOnlyForDeploymentPostprocessing = 0;
		};
		65AEFE21262B4E09005B6330 /* Frameworks */ = {
			isa = PBXFrameworksBuildPhase;
			buildActionMask = 2147483647;
			files = (
				C7CC3D753D88E3BB69886542 /* Pods_Vocabulary.framework in Frameworks */,
			);
			runOnlyForDeploymentPostprocessing = 0;
		};
		65AEFE41262F1B04005B6330 /* Frameworks */ = {
			isa = PBXFrameworksBuildPhase;
			buildActionMask = 2147483647;
			files = (
			);
			runOnlyForDeploymentPostprocessing = 0;
		};
/* End PBXFrameworksBuildPhase section */

/* Begin PBXGroup section */
		65AEFDF2262B3E78005B6330 = {
			isa = PBXGroup;
			children = (
				65AEFDFD262B3E78005B6330 /* VocabularyDemo */,
				65AEFE25262B4E09005B6330 /* Vocabulary */,
				65AEFE45262F1B04005B6330 /* SpeechManager */,
				65AEFDFC262B3E78005B6330 /* Products */,
				EC51E81DC1AB6414760C7CCA /* Pods */,
				8C3F40660837D401F944D41C /* Frameworks */,
			);
			sourceTree = "<group>";
		};
		65AEFDFC262B3E78005B6330 /* Products */ = {
			isa = PBXGroup;
			children = (
				65AEFDFB262B3E78005B6330 /* VocabularyDemo.app */,
				65AEFE24262B4E09005B6330 /* Vocabulary.framework */,
				65AEFE44262F1B04005B6330 /* libSpeechManager.a */,
			);
			name = Products;
			sourceTree = "<group>";
		};
		65AEFDFD262B3E78005B6330 /* VocabularyDemo */ = {
			isa = PBXGroup;
			children = (
				65AEFDFE262B3E78005B6330 /* AppDelegate.swift */,
				65AEFE02262B3E78005B6330 /* ViewController.swift */,
				65AEFE04262B3E78005B6330 /* Main.storyboard */,
				65AEFE07262B3E7A005B6330 /* Assets.xcassets */,
				65AEFE09262B3E7A005B6330 /* LaunchScreen.storyboard */,
				65AEFE0C262B3E7A005B6330 /* Info.plist */,
			);
			path = VocabularyDemo;
			sourceTree = "<group>";
		};
		65AEFE25262B4E09005B6330 /* Vocabulary */ = {
			isa = PBXGroup;
			children = (
				65AEFE37262CEB42005B6330 /* db.sqlite3 */,
				65AEFE26262B4E09005B6330 /* Vocabulary.h */,
				65AEFE3B262DB4F8005B6330 /* WordObject.swift */,
				65AEFE3E262DCB20005B6330 /* Vocabulary.swift */,
				65AEFE27262B4E09005B6330 /* Info.plist */,
			);
			path = Vocabulary;
			sourceTree = "<group>";
		};
		65AEFE45262F1B04005B6330 /* SpeechManager */ = {
			isa = PBXGroup;
			children = (
				65AEFE46262F1B04005B6330 /* SpeechManager.swift */,
				65AEFE4E262F21AD005B6330 /* SpeechWord.swift */,
			);
			path = SpeechManager;
			sourceTree = "<group>";
		};
		8C3F40660837D401F944D41C /* Frameworks */ = {
			isa = PBXGroup;
			children = (
				C0915ED84BF745E83B5E9113 /* Pods_Vocabulary.framework */,
				5C5AA35A1BCAE5290B3A6E6A /* Pods_VocabularyDemo.framework */,
			);
			name = Frameworks;
			sourceTree = "<group>";
		};
		EC51E81DC1AB6414760C7CCA /* Pods */ = {
			isa = PBXGroup;
			children = (
				23B1BC0594E446FDDA6BBE49 /* Pods-Vocabulary.debug.xcconfig */,
				C2E42AE63E27AD57583BAA7C /* Pods-Vocabulary.release.xcconfig */,
				AABED5C9BA95C3CE7AD8265A /* Pods-VocabularyDemo.debug.xcconfig */,
				0137F11846E23771D08DD133 /* Pods-VocabularyDemo.release.xcconfig */,
			);
			path = Pods;
			sourceTree = "<group>";
		};
/* End PBXGroup section */

/* Begin PBXHeadersBuildPhase section */
		65AEFE1F262B4E09005B6330 /* Headers */ = {
			isa = PBXHeadersBuildPhase;
			buildActionMask = 2147483647;
			files = (
				65AEFE28262B4E09005B6330 /* Vocabulary.h in Headers */,
			);
			runOnlyForDeploymentPostprocessing = 0;
		};
/* End PBXHeadersBuildPhase section */

/* Begin PBXNativeTarget section */
		65AEFDFA262B3E78005B6330 /* VocabularyDemo */ = {
			isa = PBXNativeTarget;
			buildConfigurationList = 65AEFE0F262B3E7A005B6330 /* Build configuration list for PBXNativeTarget "VocabularyDemo" */;
			buildPhases = (
				65D902926F4316DE6E1AD960 /* [CP] Check Pods Manifest.lock */,
				65AEFDF7262B3E78005B6330 /* Sources */,
				65AEFDF8262B3E78005B6330 /* Frameworks */,
				65AEFDF9262B3E78005B6330 /* Resources */,
				65AEFE30262B4E0A005B6330 /* Embed Frameworks */,
				34D44C35962A6FEC60A98B3A /* [CP] Embed Pods Frameworks */,
			);
			buildRules = (
			);
			dependencies = (
				65AEFE2A262B4E09005B6330 /* PBXTargetDependency */,
				65AEFE4D262F1C46005B6330 /* PBXTargetDependency */,
			);
			name = VocabularyDemo;
			productName = VocabularyDemo;
			productReference = 65AEFDFB262B3E78005B6330 /* VocabularyDemo.app */;
			productType = "com.apple.product-type.application";
		};
		65AEFE23262B4E09005B6330 /* Vocabulary */ = {
			isa = PBXNativeTarget;
			buildConfigurationList = 65AEFE2D262B4E0A005B6330 /* Build configuration list for PBXNativeTarget "Vocabulary" */;
			buildPhases = (
				DA5D116DA9F3CEFABF76397D /* [CP] Check Pods Manifest.lock */,
				65AEFE1F262B4E09005B6330 /* Headers */,
				65AEFE20262B4E09005B6330 /* Sources */,
				65AEFE21262B4E09005B6330 /* Frameworks */,
				65AEFE22262B4E09005B6330 /* Resources */,
			);
			buildRules = (
			);
			dependencies = (
			);
			name = Vocabulary;
			productName = Vocabulary;
			productReference = 65AEFE24262B4E09005B6330 /* Vocabulary.framework */;
			productType = "com.apple.product-type.framework";
		};
		65AEFE43262F1B04005B6330 /* SpeechManager */ = {
			isa = PBXNativeTarget;
			buildConfigurationList = 65AEFE48262F1B04005B6330 /* Build configuration list for PBXNativeTarget "SpeechManager" */;
			buildPhases = (
				65AEFE40262F1B04005B6330 /* Sources */,
				65AEFE41262F1B04005B6330 /* Frameworks */,
				65AEFE42262F1B04005B6330 /* CopyFiles */,
			);
			buildRules = (
			);
			dependencies = (
			);
			name = SpeechManager;
			productName = SpeechManager;
			productReference = 65AEFE44262F1B04005B6330 /* libSpeechManager.a */;
			productType = "com.apple.product-type.library.static";
		};
/* End PBXNativeTarget section */

/* Begin PBXProject section */
		65AEFDF3262B3E78005B6330 /* Project object */ = {
			isa = PBXProject;
			attributes = {
				LastSwiftUpdateCheck = 1170;
				LastUpgradeCheck = 1170;
				ORGANIZATIONNAME = "Yi Zhang";
				TargetAttributes = {
					65AEFDFA262B3E78005B6330 = {
						CreatedOnToolsVersion = 11.7;
					};
					65AEFE23262B4E09005B6330 = {
						CreatedOnToolsVersion = 11.7;
						LastSwiftMigration = 1170;
					};
					65AEFE43262F1B04005B6330 = {
						CreatedOnToolsVersion = 11.7;
					};
				};
			};
			buildConfigurationList = 65AEFDF6262B3E78005B6330 /* Build configuration list for PBXProject "VocabularyDemo" */;
			compatibilityVersion = "Xcode 9.3";
			developmentRegion = en;
			hasScannedForEncodings = 0;
			knownRegions = (
				en,
				Base,
			);
			mainGroup = 65AEFDF2262B3E78005B6330;
			productRefGroup = 65AEFDFC262B3E78005B6330 /* Products */;
			projectDirPath = "";
			projectRoot = "";
			targets = (
				65AEFDFA262B3E78005B6330 /* VocabularyDemo */,
				65AEFE23262B4E09005B6330 /* Vocabulary */,
				65AEFE43262F1B04005B6330 /* SpeechManager */,
			);
		};
/* End PBXProject section */

/* Begin PBXResourcesBuildPhase section */
		65AEFDF9262B3E78005B6330 /* Resources */ = {
			isa = PBXResourcesBuildPhase;
			buildActionMask = 2147483647;
			files = (
				65AEFE0B262B3E7A005B6330 /* LaunchScreen.storyboard in Resources */,
				65AEFE08262B3E7A005B6330 /* Assets.xcassets in Resources */,
				65AEFE06262B3E78005B6330 /* Main.storyboard in Resources */,
			);
			runOnlyForDeploymentPostprocessing = 0;
		};
		65AEFE22262B4E09005B6330 /* Resources */ = {
			isa = PBXResourcesBuildPhase;
			buildActionMask = 2147483647;
			files = (
				65AEFE38262CEB42005B6330 /* db.sqlite3 in Resources */,
			);
			runOnlyForDeploymentPostprocessing = 0;
		};
/* End PBXResourcesBuildPhase section */

/* Begin PBXShellScriptBuildPhase section */
		34D44C35962A6FEC60A98B3A /* [CP] Embed Pods Frameworks */ = {
			isa = PBXShellScriptBuildPhase;
			buildActionMask = 2147483647;
			files = (
			);
			inputFileListPaths = (
				"${PODS_ROOT}/Target Support Files/Pods-VocabularyDemo/Pods-VocabularyDemo-frameworks-${CONFIGURATION}-input-files.xcfilelist",
			);
			name = "[CP] Embed Pods Frameworks";
			outputFileListPaths = (
				"${PODS_ROOT}/Target Support Files/Pods-VocabularyDemo/Pods-VocabularyDemo-frameworks-${CONFIGURATION}-output-files.xcfilelist",
			);
			runOnlyForDeploymentPostprocessing = 0;
			shellPath = /bin/sh;
			shellScript = "\"${PODS_ROOT}/Target Support Files/Pods-VocabularyDemo/Pods-VocabularyDemo-frameworks.sh\"\n";
			showEnvVarsInLog = 0;
		};
		65D902926F4316DE6E1AD960 /* [CP] Check Pods Manifest.lock */ = {
			isa = PBXShellScriptBuildPhase;
			buildActionMask = 2147483647;
			files = (
			);
			inputFileListPaths = (
			);
			inputPaths = (
				"${PODS_PODFILE_DIR_PATH}/Podfile.lock",
				"${PODS_ROOT}/Manifest.lock",
			);
			name = "[CP] Check Pods Manifest.lock";
			outputFileListPaths = (
			);
			outputPaths = (
				"$(DERIVED_FILE_DIR)/Pods-VocabularyDemo-checkManifestLockResult.txt",
			);
			runOnlyForDeploymentPostprocessing = 0;
			shellPath = /bin/sh;
			shellScript = "diff \"${PODS_PODFILE_DIR_PATH}/Podfile.lock\" \"${PODS_ROOT}/Manifest.lock\" > /dev/null\nif [ $? != 0 ] ; then\n    # print error to STDERR\n    echo \"error: The sandbox is not in sync with the Podfile.lock. Run 'pod install' or update your CocoaPods installation.\" >&2\n    exit 1\nfi\n# This output is used by Xcode 'outputs' to avoid re-running this script phase.\necho \"SUCCESS\" > \"${SCRIPT_OUTPUT_FILE_0}\"\n";
			showEnvVarsInLog = 0;
		};
		DA5D116DA9F3CEFABF76397D /* [CP] Check Pods Manifest.lock */ = {
			isa = PBXShellScriptBuildPhase;
			buildActionMask = 2147483647;
			files = (
			);
			inputFileListPaths = (
			);
			inputPaths = (
				"${PODS_PODFILE_DIR_PATH}/Podfile.lock",
				"${PODS_ROOT}/Manifest.lock",
			);
			name = "[CP] Check Pods Manifest.lock";
			outputFileListPaths = (
			);
			outputPaths = (
				"$(DERIVED_FILE_DIR)/Pods-Vocabulary-checkManifestLockResult.txt",
			);
			runOnlyForDeploymentPostprocessing = 0;
			shellPath = /bin/sh;
			shellScript = "diff \"${PODS_PODFILE_DIR_PATH}/Podfile.lock\" \"${PODS_ROOT}/Manifest.lock\" > /dev/null\nif [ $? != 0 ] ; then\n    # print error to STDERR\n    echo \"error: The sandbox is not in sync with the Podfile.lock. Run 'pod install' or update your CocoaPods installation.\" >&2\n    exit 1\nfi\n# This output is used by Xcode 'outputs' to avoid re-running this script phase.\necho \"SUCCESS\" > \"${SCRIPT_OUTPUT_FILE_0}\"\n";
			showEnvVarsInLog = 0;
		};
/* End PBXShellScriptBuildPhase section */

/* Begin PBXSourcesBuildPhase section */
		65AEFDF7262B3E78005B6330 /* Sources */ = {
			isa = PBXSourcesBuildPhase;
			buildActionMask = 2147483647;
			files = (
				65AEFE03262B3E78005B6330 /* ViewController.swift in Sources */,
				65AEFDFF262B3E78005B6330 /* AppDelegate.swift in Sources */,
			);
			runOnlyForDeploymentPostprocessing = 0;
		};
		65AEFE20262B4E09005B6330 /* Sources */ = {
			isa = PBXSourcesBuildPhase;
			buildActionMask = 2147483647;
			files = (
				65AEFE3D262DCB0E005B6330 /* WordObject.swift in Sources */,
				65AEFE3F262DCB20005B6330 /* Vocabulary.swift in Sources */,
			);
			runOnlyForDeploymentPostprocessing = 0;
		};
		65AEFE40262F1B04005B6330 /* Sources */ = {
			isa = PBXSourcesBuildPhase;
			buildActionMask = 2147483647;
			files = (
				65AEFE47262F1B04005B6330 /* SpeechManager.swift in Sources */,
				65AEFE4F262F21AD005B6330 /* SpeechWord.swift in Sources */,
			);
			runOnlyForDeploymentPostprocessing = 0;
		};
/* End PBXSourcesBuildPhase section */

/* Begin PBXTargetDependency section */
		65AEFE2A262B4E09005B6330 /* PBXTargetDependency */ = {
			isa = PBXTargetDependency;
			target = 65AEFE23262B4E09005B6330 /* Vocabulary */;
			targetProxy = 65AEFE29262B4E09005B6330 /* PBXContainerItemProxy */;
		};
		65AEFE4D262F1C46005B6330 /* PBXTargetDependency */ = {
			isa = PBXTargetDependency;
			target = 65AEFE43262F1B04005B6330 /* SpeechManager */;
			targetProxy = 65AEFE4C262F1C46005B6330 /* PBXContainerItemProxy */;
		};
/* End PBXTargetDependency section */

/* Begin PBXVariantGroup section */
		65AEFE04262B3E78005B6330 /* Main.storyboard */ = {
			isa = PBXVariantGroup;
			children = (
				65AEFE05262B3E78005B6330 /* Base */,
			);
			name = Main.storyboard;
			sourceTree = "<group>";
		};
		65AEFE09262B3E7A005B6330 /* LaunchScreen.storyboard */ = {
			isa = PBXVariantGroup;
			children = (
				65AEFE0A262B3E7A005B6330 /* Base */,
			);
			name = LaunchScreen.storyboard;
			sourceTree = "<group>";
		};
/* End PBXVariantGroup section */

/* Begin XCBuildConfiguration section */
		65AEFE0D262B3E7A005B6330 /* Debug */ = {
			isa = XCBuildConfiguration;
			buildSettings = {
				ALWAYS_SEARCH_USER_PATHS = NO;
				CLANG_ANALYZER_NONNULL = YES;
				CLANG_ANALYZER_NUMBER_OBJECT_CONVERSION = YES_AGGRESSIVE;
				CLANG_CXX_LANGUAGE_STANDARD = "gnu++14";
				CLANG_CXX_LIBRARY = "libc++";
				CLANG_ENABLE_MODULES = YES;
				CLANG_ENABLE_OBJC_ARC = YES;
				CLANG_ENABLE_OBJC_WEAK = YES;
				CLANG_WARN_BLOCK_CAPTURE_AUTORELEASING = YES;
				CLANG_WARN_BOOL_CONVERSION = YES;
				CLANG_WARN_COMMA = YES;
				CLANG_WARN_CONSTANT_CONVERSION = YES;
				CLANG_WARN_DEPRECATED_OBJC_IMPLEMENTATIONS = YES;
				CLANG_WARN_DIRECT_OBJC_ISA_USAGE = YES_ERROR;
				CLANG_WARN_DOCUMENTATION_COMMENTS = YES;
				CLANG_WARN_EMPTY_BODY = YES;
				CLANG_WARN_ENUM_CONVERSION = YES;
				CLANG_WARN_INFINITE_RECURSION = YES;
				CLANG_WARN_INT_CONVERSION = YES;
				CLANG_WARN_NON_LITERAL_NULL_CONVERSION = YES;
				CLANG_WARN_OBJC_IMPLICIT_RETAIN_SELF = YES;
				CLANG_WARN_OBJC_LITERAL_CONVERSION = YES;
				CLANG_WARN_OBJC_ROOT_CLASS = YES_ERROR;
				CLANG_WARN_RANGE_LOOP_ANALYSIS = YES;
				CLANG_WARN_STRICT_PROTOTYPES = YES;
				CLANG_WARN_SUSPICIOUS_MOVE = YES;
				CLANG_WARN_UNGUARDED_AVAILABILITY = YES_AGGRESSIVE;
				CLANG_WARN_UNREACHABLE_CODE = YES;
				CLANG_WARN__DUPLICATE_METHOD_MATCH = YES;
				COPY_PHASE_STRIP = NO;
				DEBUG_INFORMATION_FORMAT = dwarf;
				ENABLE_STRICT_OBJC_MSGSEND = YES;
				ENABLE_TESTABILITY = YES;
				GCC_C_LANGUAGE_STANDARD = gnu11;
				GCC_DYNAMIC_NO_PIC = NO;
				GCC_NO_COMMON_BLOCKS = YES;
				GCC_OPTIMIZATION_LEVEL = 0;
				GCC_PREPROCESSOR_DEFINITIONS = (
					"DEBUG=1",
					"$(inherited)",
				);
				GCC_WARN_64_TO_32_BIT_CONVERSION = YES;
				GCC_WARN_ABOUT_RETURN_TYPE = YES_ERROR;
				GCC_WARN_UNDECLARED_SELECTOR = YES;
				GCC_WARN_UNINITIALIZED_AUTOS = YES_AGGRESSIVE;
				GCC_WARN_UNUSED_FUNCTION = YES;
				GCC_WARN_UNUSED_VARIABLE = YES;
				IPHONEOS_DEPLOYMENT_TARGET = 13.0;
				MTL_ENABLE_DEBUG_INFO = INCLUDE_SOURCE;
				MTL_FAST_MATH = YES;
				ONLY_ACTIVE_ARCH = YES;
				SDKROOT = iphoneos;
				SWIFT_ACTIVE_COMPILATION_CONDITIONS = DEBUG;
				SWIFT_OPTIMIZATION_LEVEL = "-Onone";
			};
			name = Debug;
		};
		65AEFE0E262B3E7A005B6330 /* Release */ = {
			isa = XCBuildConfiguration;
			buildSettings = {
				ALWAYS_SEARCH_USER_PATHS = NO;
				CLANG_ANALYZER_NONNULL = YES;
				CLANG_ANALYZER_NUMBER_OBJECT_CONVERSION = YES_AGGRESSIVE;
				CLANG_CXX_LANGUAGE_STANDARD = "gnu++14";
				CLANG_CXX_LIBRARY = "libc++";
				CLANG_ENABLE_MODULES = YES;
				CLANG_ENABLE_OBJC_ARC = YES;
				CLANG_ENABLE_OBJC_WEAK = YES;
				CLANG_WARN_BLOCK_CAPTURE_AUTORELEASING = YES;
				CLANG_WARN_BOOL_CONVERSION = YES;
				CLANG_WARN_COMMA = YES;
				CLANG_WARN_CONSTANT_CONVERSION = YES;
				CLANG_WARN_DEPRECATED_OBJC_IMPLEMENTATIONS = YES;
				CLANG_WARN_DIRECT_OBJC_ISA_USAGE = YES_ERROR;
				CLANG_WARN_DOCUMENTATION_COMMENTS = YES;
				CLANG_WARN_EMPTY_BODY = YES;
				CLANG_WARN_ENUM_CONVERSION = YES;
				CLANG_WARN_INFINITE_RECURSION = YES;
				CLANG_WARN_INT_CONVERSION = YES;
				CLANG_WARN_NON_LITERAL_NULL_CONVERSION = YES;
				CLANG_WARN_OBJC_IMPLICIT_RETAIN_SELF = YES;
				CLANG_WARN_OBJC_LITERAL_CONVERSION = YES;
				CLANG_WARN_OBJC_ROOT_CLASS = YES_ERROR;
				CLANG_WARN_RANGE_LOOP_ANALYSIS = YES;
				CLANG_WARN_STRICT_PROTOTYPES = YES;
				CLANG_WARN_SUSPICIOUS_MOVE = YES;
				CLANG_WARN_UNGUARDED_AVAILABILITY = YES_AGGRESSIVE;
				CLANG_WARN_UNREACHABLE_CODE = YES;
				CLANG_WARN__DUPLICATE_METHOD_MATCH = YES;
				COPY_PHASE_STRIP = NO;
				DEBUG_INFORMATION_FORMAT = "dwarf-with-dsym";
				ENABLE_NS_ASSERTIONS = NO;
				ENABLE_STRICT_OBJC_MSGSEND = YES;
				GCC_C_LANGUAGE_STANDARD = gnu11;
				GCC_NO_COMMON_BLOCKS = YES;
				GCC_WARN_64_TO_32_BIT_CONVERSION = YES;
				GCC_WARN_ABOUT_RETURN_TYPE = YES_ERROR;
				GCC_WARN_UNDECLARED_SELECTOR = YES;
				GCC_WARN_UNINITIALIZED_AUTOS = YES_AGGRESSIVE;
				GCC_WARN_UNUSED_FUNCTION = YES;
				GCC_WARN_UNUSED_VARIABLE = YES;
				IPHONEOS_DEPLOYMENT_TARGET = 13.0;
				MTL_ENABLE_DEBUG_INFO = NO;
				MTL_FAST_MATH = YES;
				SDKROOT = iphoneos;
				SWIFT_COMPILATION_MODE = wholemodule;
				SWIFT_OPTIMIZATION_LEVEL = "-O";
				VALIDATE_PRODUCT = YES;
			};
			name = Release;
		};
		65AEFE10262B3E7A005B6330 /* Debug */ = {
			isa = XCBuildConfiguration;
			baseConfigurationReference = AABED5C9BA95C3CE7AD8265A /* Pods-VocabularyDemo.debug.xcconfig */;
			buildSettings = {
				ALWAYS_EMBED_SWIFT_STANDARD_LIBRARIES = YES;
				ASSETCATALOG_COMPILER_APPICON_NAME = AppIcon;
				CODE_SIGN_STYLE = Automatic;
				DEVELOPMENT_TEAM = Q9JLKVXGWW;
				INFOPLIST_FILE = VocabularyDemo/Info.plist;
				LD_RUNPATH_SEARCH_PATHS = (
					"$(inherited)",
					"@executable_path/Frameworks",
				);
				PRODUCT_BUNDLE_IDENTIFIER = z1joey.VocabularyDemo;
				PRODUCT_NAME = "$(TARGET_NAME)";
				SWIFT_VERSION = 5.0;
				TARGETED_DEVICE_FAMILY = "1,2";
			};
			name = Debug;
		};
		65AEFE11262B3E7A005B6330 /* Release */ = {
			isa = XCBuildConfiguration;
			baseConfigurationReference = 0137F11846E23771D08DD133 /* Pods-VocabularyDemo.release.xcconfig */;
			buildSettings = {
				ALWAYS_EMBED_SWIFT_STANDARD_LIBRARIES = YES;
				ASSETCATALOG_COMPILER_APPICON_NAME = AppIcon;
				CODE_SIGN_STYLE = Automatic;
				DEVELOPMENT_TEAM = Q9JLKVXGWW;
				INFOPLIST_FILE = VocabularyDemo/Info.plist;
				LD_RUNPATH_SEARCH_PATHS = (
					"$(inherited)",
					"@executable_path/Frameworks",
				);
				PRODUCT_BUNDLE_IDENTIFIER = z1joey.VocabularyDemo;
				PRODUCT_NAME = "$(TARGET_NAME)";
				SWIFT_VERSION = 5.0;
				TARGETED_DEVICE_FAMILY = "1,2";
			};
			name = Release;
		};
		65AEFE2E262B4E0A005B6330 /* Debug */ = {
			isa = XCBuildConfiguration;
			baseConfigurationReference = 23B1BC0594E446FDDA6BBE49 /* Pods-Vocabulary.debug.xcconfig */;
			buildSettings = {
				CLANG_ENABLE_MODULES = YES;
				CODE_SIGN_STYLE = Automatic;
				CURRENT_PROJECT_VERSION = 1;
				DEFINES_MODULE = YES;
				DYLIB_COMPATIBILITY_VERSION = 1;
				DYLIB_CURRENT_VERSION = 1;
				DYLIB_INSTALL_NAME_BASE = "@rpath";
				INFOPLIST_FILE = Vocabulary/Info.plist;
				INSTALL_PATH = "$(LOCAL_LIBRARY_DIR)/Frameworks";
				LD_RUNPATH_SEARCH_PATHS = (
					"$(inherited)",
					"@executable_path/Frameworks",
					"@loader_path/Frameworks",
				);
				PRODUCT_BUNDLE_IDENTIFIER = z1joey.Vocabulary;
				PRODUCT_NAME = "$(TARGET_NAME:c99extidentifier)";
				SKIP_INSTALL = YES;
				SWIFT_OPTIMIZATION_LEVEL = "-Onone";
				SWIFT_VERSION = 5.0;
				TARGETED_DEVICE_FAMILY = "1,2";
				VERSIONING_SYSTEM = "apple-generic";
				VERSION_INFO_PREFIX = "";
			};
			name = Debug;
		};
		65AEFE2F262B4E0A005B6330 /* Release */ = {
			isa = XCBuildConfiguration;
			baseConfigurationReference = C2E42AE63E27AD57583BAA7C /* Pods-Vocabulary.release.xcconfig */;
			buildSettings = {
				CLANG_ENABLE_MODULES = YES;
				CODE_SIGN_STYLE = Automatic;
				CURRENT_PROJECT_VERSION = 1;
				DEFINES_MODULE = YES;
				DYLIB_COMPATIBILITY_VERSION = 1;
				DYLIB_CURRENT_VERSION = 1;
				DYLIB_INSTALL_NAME_BASE = "@rpath";
				INFOPLIST_FILE = Vocabulary/Info.plist;
				INSTALL_PATH = "$(LOCAL_LIBRARY_DIR)/Frameworks";
				LD_RUNPATH_SEARCH_PATHS = (
					"$(inherited)",
					"@executable_path/Frameworks",
					"@loader_path/Frameworks",
				);
				PRODUCT_BUNDLE_IDENTIFIER = z1joey.Vocabulary;
				PRODUCT_NAME = "$(TARGET_NAME:c99extidentifier)";
				SKIP_INSTALL = YES;
				SWIFT_VERSION = 5.0;
				TARGETED_DEVICE_FAMILY = "1,2";
				VERSIONING_SYSTEM = "apple-generic";
				VERSION_INFO_PREFIX = "";
			};
			name = Release;
		};
		65AEFE49262F1B04005B6330 /* Debug */ = {
			isa = XCBuildConfiguration;
			buildSettings = {
				CODE_SIGN_STYLE = Automatic;
				DEVELOPMENT_TEAM = Q9JLKVXGWW;
				IPHONEOS_DEPLOYMENT_TARGET = 13.0;
				OTHER_LDFLAGS = "-ObjC";
				PRODUCT_NAME = "$(TARGET_NAME)";
				SKIP_INSTALL = YES;
				SWIFT_VERSION = 5.0;
				TARGETED_DEVICE_FAMILY = "1,2";
			};
			name = Debug;
		};
		65AEFE4A262F1B04005B6330 /* Release */ = {
			isa = XCBuildConfiguration;
			buildSettings = {
				CODE_SIGN_STYLE = Automatic;
				DEVELOPMENT_TEAM = Q9JLKVXGWW;
				IPHONEOS_DEPLOYMENT_TARGET = 13.0;
				OTHER_LDFLAGS = "-ObjC";
				PRODUCT_NAME = "$(TARGET_NAME)";
				SKIP_INSTALL = YES;
				SWIFT_VERSION = 5.0;
				TARGETED_DEVICE_FAMILY = "1,2";
			};
			name = Release;
		};
/* End XCBuildConfiguration section */

/* Begin XCConfigurationList section */
		65AEFDF6262B3E78005B6330 /* Build configuration list for PBXProject "VocabularyDemo" */ = {
			isa = XCConfigurationList;
			buildConfigurations = (
				65AEFE0D262B3E7A005B6330 /* Debug */,
				65AEFE0E262B3E7A005B6330 /* Release */,
			);
			defaultConfigurationIsVisible = 0;
			defaultConfigurationName = Release;
		};
		65AEFE0F262B3E7A005B6330 /* Build configuration list for PBXNativeTarget "VocabularyDemo" */ = {
			isa = XCConfigurationList;
			buildConfigurations = (
				65AEFE10262B3E7A005B6330 /* Debug */,
				65AEFE11262B3E7A005B6330 /* Release */,
			);
			defaultConfigurationIsVisible = 0;
			defaultConfigurationName = Release;
		};
		65AEFE2D262B4E0A005B6330 /* Build configuration list for PBXNativeTarget "Vocabulary" */ = {
			isa = XCConfigurationList;
			buildConfigurations = (
				65AEFE2E262B4E0A005B6330 /* Debug */,
				65AEFE2F262B4E0A005B6330 /* Release */,
			);
			defaultConfigurationIsVisible = 0;
			defaultConfigurationName = Release;
		};
		65AEFE48262F1B04005B6330 /* Build configuration list for PBXNativeTarget "SpeechManager" */ = {
			isa = XCConfigurationList;
			buildConfigurations = (
				65AEFE49262F1B04005B6330 /* Debug */,
				65AEFE4A262F1B04005B6330 /* Release */,
			);
			defaultConfigurationIsVisible = 0;
			defaultConfigurationName = Release;
		};
/* End XCConfigurationList section */
	};
	rootObject = 65AEFDF3262B3E78005B6330 /* Project object */;
}
